
Microsoft Visual Studio Solution File, Format Version 11.00
# Visual Studio 2010
Project("{FAE04EC0-301F-11D3-BF4B-00C04F79EFBC}") = "Cartage", "src\Cartage\Cartage.csproj", "{FCF45638-0582-4135-8DAD-71B77144F3BA}"
EndProject
Global
	GlobalSection(SolutionConfigurationPlatforms) = preSolution
		Debug|Any CPU = Debug|Any CPU
		Release|Any CPU = Release|Any CPU
	EndGlobalSection
	GlobalSection(ProjectConfigurationPlatforms) = postSolution
		{FCF45638-0582-4135-8DAD-71B77144F3BA}.Debug|Any CPU.ActiveCfg = Debug|Any CPU
		{FCF45638-0582-4135-8DAD-71B77144F3BA}.Debug|Any CPU.Build.0 = Debug|Any CPU
		{FCF45638-0582-4135-8DAD-71B77144F3BA}.Release|Any CPU.ActiveCfg = Release|Any CPU
		{FCF45638-0582-4135-8DAD-71B77144F3BA}.Release|Any CPU.Build.0 = Release|Any CPU
	EndGlobalSection
	GlobalSection(SolutionProperties) = preSolution
		HideSolutionNode = FALSE
	EndGlobalSection
EndGlobal
